// !$*UTF8*$!
{
	archiveVersion = 1;
	classes = {
	};
	objectVersion = 55;
	objects = {

/* Begin PBXBuildFile section */
		9994A4CBF02BB71D5D139140 /* Pods_NASA_APOD.framework in Frameworks */ = {isa = PBXBuildFile; fileRef = B0EB50BD6D2018DC78529739 /* Pods_NASA_APOD.framework */; };
		CCF641642802B06E00E4373C /* AppDelegate.swift in Sources */ = {isa = PBXBuildFile; fileRef = CCF641632802B06E00E4373C /* AppDelegate.swift */; };
		CCF641662802B06E00E4373C /* SceneDelegate.swift in Sources */ = {isa = PBXBuildFile; fileRef = CCF641652802B06E00E4373C /* SceneDelegate.swift */; };
		CCF641682802B06E00E4373C /* ViewController.swift in Sources */ = {isa = PBXBuildFile; fileRef = CCF641672802B06E00E4373C /* ViewController.swift */; };
		CCF6416B2802B06E00E4373C /* Main.storyboard in Resources */ = {isa = PBXBuildFile; fileRef = CCF641692802B06E00E4373C /* Main.storyboard */; };
		CCF6416E2802B06E00E4373C /* NASA_APOD.xcdatamodeld in Sources */ = {isa = PBXBuildFile; fileRef = CCF6416C2802B06E00E4373C /* NASA_APOD.xcdatamodeld */; };
		CCF641702802B06F00E4373C /* Assets.xcassets in Resources */ = {isa = PBXBuildFile; fileRef = CCF6416F2802B06F00E4373C /* Assets.xcassets */; };
		CCF641732802B06F00E4373C /* LaunchScreen.storyboard in Resources */ = {isa = PBXBuildFile; fileRef = CCF641712802B06F00E4373C /* LaunchScreen.storyboard */; };
		CCF6417D2802B24B00E4373C /* NetworkContants.swift in Sources */ = {isa = PBXBuildFile; fileRef = CCF6417A2802B24B00E4373C /* NetworkContants.swift */; };
		CCF6417E2802B24B00E4373C /* NetworkDispatcher.swift in Sources */ = {isa = PBXBuildFile; fileRef = CCF6417B2802B24B00E4373C /* NetworkDispatcher.swift */; };
		CCF6417F2802B24B00E4373C /* NetworkModels.swift in Sources */ = {isa = PBXBuildFile; fileRef = CCF6417C2802B24B00E4373C /* NetworkModels.swift */; };
		CCF641892802B26E00E4373C /* Dynamic.swift in Sources */ = {isa = PBXBuildFile; fileRef = CCF641862802B26E00E4373C /* Dynamic.swift */; };
		CCF6418A2802B26E00E4373C /* Extensions.swift in Sources */ = {isa = PBXBuildFile; fileRef = CCF641872802B26E00E4373C /* Extensions.swift */; };
		CCF6418B2802B26E00E4373C /* Constants.swift in Sources */ = {isa = PBXBuildFile; fileRef = CCF641882802B26E00E4373C /* Constants.swift */; };
/* End PBXBuildFile section */

/* Begin PBXFileReference section */
		60A7272D605F91F0751B50EB /* Pods-NASA APOD.release.xcconfig */ = {isa = PBXFileReference; includeInIndex = 1; lastKnownFileType = text.xcconfig; name = "Pods-NASA APOD.release.xcconfig"; path = "Target Support Files/Pods-NASA APOD/Pods-NASA APOD.release.xcconfig"; sourceTree = "<group>"; };
		B0EB50BD6D2018DC78529739 /* Pods_NASA_APOD.framework */ = {isa = PBXFileReference; explicitFileType = wrapper.framework; includeInIndex = 0; path = Pods_NASA_APOD.framework; sourceTree = BUILT_PRODUCTS_DIR; };
		B25A868DBB5B84D23CDCC9A6 /* Pods-NASA APOD.debug.xcconfig */ = {isa = PBXFileReference; includeInIndex = 1; lastKnownFileType = text.xcconfig; name = "Pods-NASA APOD.debug.xcconfig"; path = "Target Support Files/Pods-NASA APOD/Pods-NASA APOD.debug.xcconfig"; sourceTree = "<group>"; };
		CCF641602802B06E00E4373C /* NASA APOD.app */ = {isa = PBXFileReference; explicitFileType = wrapper.application; includeInIndex = 0; path = "NASA APOD.app"; sourceTree = BUILT_PRODUCTS_DIR; };
		CCF641632802B06E00E4373C /* AppDelegate.swift */ = {isa = PBXFileReference; lastKnownFileType = sourcecode.swift; path = AppDelegate.swift; sourceTree = "<group>"; };
		CCF641652802B06E00E4373C /* SceneDelegate.swift */ = {isa = PBXFileReference; lastKnownFileType = sourcecode.swift; path = SceneDelegate.swift; sourceTree = "<group>"; };
		CCF641672802B06E00E4373C /* ViewController.swift */ = {isa = PBXFileReference; lastKnownFileType = sourcecode.swift; path = ViewController.swift; sourceTree = "<group>"; };
		CCF6416A2802B06E00E4373C /* Base */ = {isa = PBXFileReference; lastKnownFileType = file.storyboard; name = Base; path = Base.lproj/Main.storyboard; sourceTree = "<group>"; };
		CCF6416D2802B06E00E4373C /* NASA_APOD.xcdatamodel */ = {isa = PBXFileReference; lastKnownFileType = wrapper.xcdatamodel; path = NASA_APOD.xcdatamodel; sourceTree = "<group>"; };
		CCF6416F2802B06F00E4373C /* Assets.xcassets */ = {isa = PBXFileReference; lastKnownFileType = folder.assetcatalog; path = Assets.xcassets; sourceTree = "<group>"; };
		CCF641722802B06F00E4373C /* Base */ = {isa = PBXFileReference; lastKnownFileType = file.storyboard; name = Base; path = Base.lproj/LaunchScreen.storyboard; sourceTree = "<group>"; };
		CCF641742802B06F00E4373C /* Info.plist */ = {isa = PBXFileReference; lastKnownFileType = text.plist.xml; path = Info.plist; sourceTree = "<group>"; };
		CCF6417A2802B24B00E4373C /* NetworkContants.swift */ = {isa = PBXFileReference; fileEncoding = 4; lastKnownFileType = sourcecode.swift; path = NetworkContants.swift; sourceTree = "<group>"; };
		CCF6417B2802B24B00E4373C /* NetworkDispatcher.swift */ = {isa = PBXFileReference; fileEncoding = 4; lastKnownFileType = sourcecode.swift; path = NetworkDispatcher.swift; sourceTree = "<group>"; };
		CCF6417C2802B24B00E4373C /* NetworkModels.swift */ = {isa = PBXFileReference; fileEncoding = 4; lastKnownFileType = sourcecode.swift; path = NetworkModels.swift; sourceTree = "<group>"; };
		CCF641862802B26E00E4373C /* Dynamic.swift */ = {isa = PBXFileReference; fileEncoding = 4; lastKnownFileType = sourcecode.swift; path = Dynamic.swift; sourceTree = "<group>"; };
		CCF641872802B26E00E4373C /* Extensions.swift */ = {isa = PBXFileReference; fileEncoding = 4; lastKnownFileType = sourcecode.swift; path = Extensions.swift; sourceTree = "<group>"; };
		CCF641882802B26E00E4373C /* Constants.swift */ = {isa = PBXFileReference; fileEncoding = 4; lastKnownFileType = sourcecode.swift; path = Constants.swift; sourceTree = "<group>"; };
/* End PBXFileReference section */

/* Begin PBXFrameworksBuildPhase section */
		CCF6415D2802B06E00E4373C /* Frameworks */ = {
			isa = PBXFrameworksBuildPhase;
			buildActionMask = 2147483647;
			files = (
				9994A4CBF02BB71D5D139140 /* Pods_NASA_APOD.framework in Frameworks */,
			);
			runOnlyForDeploymentPostprocessing = 0;
		};
/* End PBXFrameworksBuildPhase section */

/* Begin PBXGroup section */
		521B01E2A6D6C6687A462EDE /* Frameworks */ = {
			isa = PBXGroup;
			children = (
				B0EB50BD6D2018DC78529739 /* Pods_NASA_APOD.framework */,
			);
			name = Frameworks;
			sourceTree = "<group>";
		};
		CCF641572802B06E00E4373C = {
			isa = PBXGroup;
			children = (
				CCF641622802B06E00E4373C /* NASA APOD */,
				CCF641612802B06E00E4373C /* Products */,
				FE359F9761B5CB74038AEF2C /* Pods */,
				521B01E2A6D6C6687A462EDE /* Frameworks */,
			);
			sourceTree = "<group>";
		};
		CCF641612802B06E00E4373C /* Products */ = {
			isa = PBXGroup;
			children = (
				CCF641602802B06E00E4373C /* NASA APOD.app */,
			);
			name = Products;
			sourceTree = "<group>";
		};
		CCF641622802B06E00E4373C /* NASA APOD */ = {
			isa = PBXGroup;
			children = (
				CCF6418F2802B29A00E4373C /* View Controllers */,
				CCF641932802B34200E4373C /* View Models */,
				CCF641942802B34900E4373C /* Services */,
				CCF641952802B35000E4373C /* Models */,
				CCF641922802B2D300E4373C /* Storyboards */,
				CCF641902802B2B200E4373C /* Core Data */,
				CCF6418E2802B28E00E4373C /* Helpers */,
				CCF6418C2802B27200E4373C /* Network */,
				CCF6418D2802B27900E4373C /* Application */,
				CCF641912802B2C200E4373C /* Supporting Files */,
			);
			path = "NASA APOD";
			sourceTree = "<group>";
		};
		CCF6418C2802B27200E4373C /* Network */ = {
			isa = PBXGroup;
			children = (
				CCF6417A2802B24B00E4373C /* NetworkContants.swift */,
				CCF6417B2802B24B00E4373C /* NetworkDispatcher.swift */,
				CCF6417C2802B24B00E4373C /* NetworkModels.swift */,
			);
			path = Network;
			sourceTree = "<group>";
		};
		CCF6418D2802B27900E4373C /* Application */ = {
			isa = PBXGroup;
			children = (
				CCF641632802B06E00E4373C /* AppDelegate.swift */,
				CCF641652802B06E00E4373C /* SceneDelegate.swift */,
			);
			path = Application;
			sourceTree = "<group>";
		};
		CCF6418E2802B28E00E4373C /* Helpers */ = {
			isa = PBXGroup;
			children = (
				CCF641882802B26E00E4373C /* Constants.swift */,
				CCF641862802B26E00E4373C /* Dynamic.swift */,
				CCF641872802B26E00E4373C /* Extensions.swift */,
			);
			path = Helpers;
			sourceTree = "<group>";
		};
		CCF6418F2802B29A00E4373C /* View Controllers */ = {
			isa = PBXGroup;
			children = (
				CCF641672802B06E00E4373C /* ViewController.swift */,
			);
			path = "View Controllers";
			sourceTree = "<group>";
		};
		CCF641902802B2B200E4373C /* Core Data */ = {
			isa = PBXGroup;
			children = (
				CCF6416C2802B06E00E4373C /* NASA_APOD.xcdatamodeld */,
			);
			path = "Core Data";
			sourceTree = "<group>";
		};
		CCF641912802B2C200E4373C /* Supporting Files */ = {
			isa = PBXGroup;
			children = (
				CCF6416F2802B06F00E4373C /* Assets.xcassets */,
				CCF641712802B06F00E4373C /* LaunchScreen.storyboard */,
				CCF641742802B06F00E4373C /* Info.plist */,
			);
			path = "Supporting Files";
			sourceTree = "<group>";
		};
		CCF641922802B2D300E4373C /* Storyboards */ = {
			isa = PBXGroup;
			children = (
				CCF641692802B06E00E4373C /* Main.storyboard */,
			);
			path = Storyboards;
			sourceTree = "<group>";
		};
		CCF641932802B34200E4373C /* View Models */ = {
			isa = PBXGroup;
			children = (
			);
			path = "View Models";
			sourceTree = "<group>";
		};
		CCF641942802B34900E4373C /* Services */ = {
			isa = PBXGroup;
			children = (
			);
			path = Services;
			sourceTree = "<group>";
		};
		CCF641952802B35000E4373C /* Models */ = {
			isa = PBXGroup;
			children = (
			);
			path = Models;
			sourceTree = "<group>";
		};
		FE359F9761B5CB74038AEF2C /* Pods */ = {
			isa = PBXGroup;
			children = (
				B25A868DBB5B84D23CDCC9A6 /* Pods-NASA APOD.debug.xcconfig */,
				60A7272D605F91F0751B50EB /* Pods-NASA APOD.release.xcconfig */,
			);
			path = Pods;
			sourceTree = "<group>";
		};
/* End PBXGroup section */

/* Begin PBXNativeTarget section */
		CCF6415F2802B06E00E4373C /* NASA APOD */ = {
			isa = PBXNativeTarget;
			buildConfigurationList = CCF641772802B06F00E4373C /* Build configuration list for PBXNativeTarget "NASA APOD" */;
			buildPhases = (
				CED1CB75368134C656D81493 /* [CP] Check Pods Manifest.lock */,
				CCF6415C2802B06E00E4373C /* Sources */,
				CCF6415D2802B06E00E4373C /* Frameworks */,
				CCF6415E2802B06E00E4373C /* Resources */,
				AB749DBB238C2919CC1077D7 /* [CP] Embed Pods Frameworks */,
			);
			buildRules = (
			);
			dependencies = (
			);
			name = "NASA APOD";
			productName = "NASA APOD";
			productReference = CCF641602802B06E00E4373C /* NASA APOD.app */;
			productType = "com.apple.product-type.application";
		};
/* End PBXNativeTarget section */

/* Begin PBXProject section */
		CCF641582802B06E00E4373C /* Project object */ = {
			isa = PBXProject;
			attributes = {
				BuildIndependentTargetsInParallel = 1;
				LastSwiftUpdateCheck = 1300;
				LastUpgradeCheck = 1300;
				TargetAttributes = {
					CCF6415F2802B06E00E4373C = {
						CreatedOnToolsVersion = 13.0;
					};
				};
			};
			buildConfigurationList = CCF6415B2802B06E00E4373C /* Build configuration list for PBXProject "NASA APOD" */;
			compatibilityVersion = "Xcode 13.0";
			developmentRegion = en;
			hasScannedForEncodings = 0;
			knownRegions = (
				en,
				Base,
			);
			mainGroup = CCF641572802B06E00E4373C;
			productRefGroup = CCF641612802B06E00E4373C /* Products */;
			projectDirPath = "";
			projectRoot = "";
			targets = (
				CCF6415F2802B06E00E4373C /* NASA APOD */,
			);
		};
/* End PBXProject section */

/* Begin PBXResourcesBuildPhase section */
		CCF6415E2802B06E00E4373C /* Resources */ = {
			isa = PBXResourcesBuildPhase;
			buildActionMask = 2147483647;
			files = (
				CCF641732802B06F00E4373C /* LaunchScreen.storyboard in Resources */,
				CCF641702802B06F00E4373C /* Assets.xcassets in Resources */,
				CCF6416B2802B06E00E4373C /* Main.storyboard in Resources */,
			);
			runOnlyForDeploymentPostprocessing = 0;
		};
/* End PBXResourcesBuildPhase section */

/* Begin PBXShellScriptBuildPhase section */
		AB749DBB238C2919CC1077D7 /* [CP] Embed Pods Frameworks */ = {
			isa = PBXShellScriptBuildPhase;
			buildActionMask = 2147483647;
			files = (
			);
			inputFileListPaths = (
				"${PODS_ROOT}/Target Support Files/Pods-NASA APOD/Pods-NASA APOD-frameworks-${CONFIGURATION}-input-files.xcfilelist",
			);
			name = "[CP] Embed Pods Frameworks";
			outputFileListPaths = (
				"${PODS_ROOT}/Target Support Files/Pods-NASA APOD/Pods-NASA APOD-frameworks-${CONFIGURATION}-output-files.xcfilelist",
			);
			runOnlyForDeploymentPostprocessing = 0;
			shellPath = /bin/sh;
			shellScript = "\"${PODS_ROOT}/Target Support Files/Pods-NASA APOD/Pods-NASA APOD-frameworks.sh\"\n";
			showEnvVarsInLog = 0;
		};
		CED1CB75368134C656D81493 /* [CP] Check Pods Manifest.lock */ = {
			isa = PBXShellScriptBuildPhase;
			buildActionMask = 2147483647;
			files = (
			);
			inputFileListPaths = (
			);
			inputPaths = (
				"${PODS_PODFILE_DIR_PATH}/Podfile.lock",
				"${PODS_ROOT}/Manifest.lock",
			);
			name = "[CP] Check Pods Manifest.lock";
			outputFileListPaths = (
			);
			outputPaths = (
				"$(DERIVED_FILE_DIR)/Pods-NASA APOD-checkManifestLockResult.txt",
			);
			runOnlyForDeploymentPostprocessing = 0;
			shellPath = /bin/sh;
			shellScript = "diff \"${PODS_PODFILE_DIR_PATH}/Podfile.lock\" \"${PODS_ROOT}/Manifest.lock\" > /dev/null\nif [ $? != 0 ] ; then\n    # print error to STDERR\n    echo \"error: The sandbox is not in sync with the Podfile.lock. Run 'pod install' or update your CocoaPods installation.\" >&2\n    exit 1\nfi\n# This output is used by Xcode 'outputs' to avoid re-running this script phase.\necho \"SUCCESS\" > \"${SCRIPT_OUTPUT_FILE_0}\"\n";
			showEnvVarsInLog = 0;
		};
/* End PBXShellScriptBuildPhase section */

/* Begin PBXSourcesBuildPhase section */
		CCF6415C2802B06E00E4373C /* Sources */ = {
			isa = PBXSourcesBuildPhase;
			buildActionMask = 2147483647;
			files = (
				CCF6417D2802B24B00E4373C /* NetworkContants.swift in Sources */,
				CCF6418A2802B26E00E4373C /* Extensions.swift in Sources */,
				CCF6416E2802B06E00E4373C /* NASA_APOD.xcdatamodeld in Sources */,
				CCF641682802B06E00E4373C /* ViewController.swift in Sources */,
				CCF6417F2802B24B00E4373C /* NetworkModels.swift in Sources */,
				CCF6418B2802B26E00E4373C /* Constants.swift in Sources */,
				CCF6417E2802B24B00E4373C /* NetworkDispatcher.swift in Sources */,
				CCF641892802B26E00E4373C /* Dynamic.swift in Sources */,
				CCF641642802B06E00E4373C /* AppDelegate.swift in Sources */,
				CCF641662802B06E00E4373C /* SceneDelegate.swift in Sources */,
			);
			runOnlyForDeploymentPostprocessing = 0;
		};
/* End PBXSourcesBuildPhase section */

/* Begin PBXVariantGroup section */
		CCF641692802B06E00E4373C /* Main.storyboard */ = {
			isa = PBXVariantGroup;
			children = (
				CCF6416A2802B06E00E4373C /* Base */,
			);
			name = Main.storyboard;
			sourceTree = "<group>";
		};
		CCF641712802B06F00E4373C /* LaunchScreen.storyboard */ = {
			isa = PBXVariantGroup;
			children = (
				CCF641722802B06F00E4373C /* Base */,
			);
			name = LaunchScreen.storyboard;
			sourceTree = "<group>";
		};
/* End PBXVariantGroup section */

/* Begin XCBuildConfiguration section */
		CCF641752802B06F00E4373C /* Debug */ = {
			isa = XCBuildConfiguration;
			buildSettings = {
				ALWAYS_SEARCH_USER_PATHS = NO;
				CLANG_ANALYZER_NONNULL = YES;
				CLANG_ANALYZER_NUMBER_OBJECT_CONVERSION = YES_AGGRESSIVE;
				CLANG_CXX_LANGUAGE_STANDARD = "gnu++17";
				CLANG_CXX_LIBRARY = "libc++";
				CLANG_ENABLE_MODULES = YES;
				CLANG_ENABLE_OBJC_ARC = YES;
				CLANG_ENABLE_OBJC_WEAK = YES;
				CLANG_WARN_BLOCK_CAPTURE_AUTORELEASING = YES;
				CLANG_WARN_BOOL_CONVERSION = YES;
				CLANG_WARN_COMMA = YES;
				CLANG_WARN_CONSTANT_CONVERSION = YES;
				CLANG_WARN_DEPRECATED_OBJC_IMPLEMENTATIONS = YES;
				CLANG_WARN_DIRECT_OBJC_ISA_USAGE = YES_ERROR;
				CLANG_WARN_DOCUMENTATION_COMMENTS = YES;
				CLANG_WARN_EMPTY_BODY = YES;
				CLANG_WARN_ENUM_CONVERSION = YES;
				CLANG_WARN_INFINITE_RECURSION = YES;
				CLANG_WARN_INT_CONVERSION = YES;
				CLANG_WARN_NON_LITERAL_NULL_CONVERSION = YES;
				CLANG_WARN_OBJC_IMPLICIT_RETAIN_SELF = YES;
				CLANG_WARN_OBJC_LITERAL_CONVERSION = YES;
				CLANG_WARN_OBJC_ROOT_CLASS = YES_ERROR;
				CLANG_WARN_QUOTED_INCLUDE_IN_FRAMEWORK_HEADER = YES;
				CLANG_WARN_RANGE_LOOP_ANALYSIS = YES;
				CLANG_WARN_STRICT_PROTOTYPES = YES;
				CLANG_WARN_SUSPICIOUS_MOVE = YES;
				CLANG_WARN_UNGUARDED_AVAILABILITY = YES_AGGRESSIVE;
				CLANG_WARN_UNREACHABLE_CODE = YES;
				CLANG_WARN__DUPLICATE_METHOD_MATCH = YES;
				COPY_PHASE_STRIP = NO;
				DEBUG_INFORMATION_FORMAT = dwarf;
				ENABLE_STRICT_OBJC_MSGSEND = YES;
				ENABLE_TESTABILITY = YES;
				GCC_C_LANGUAGE_STANDARD = gnu11;
				GCC_DYNAMIC_NO_PIC = NO;
				GCC_NO_COMMON_BLOCKS = YES;
				GCC_OPTIMIZATION_LEVEL = 0;
				GCC_PREPROCESSOR_DEFINITIONS = (
					"DEBUG=1",
					"$(inherited)",
				);
				GCC_WARN_64_TO_32_BIT_CONVERSION = YES;
				GCC_WARN_ABOUT_RETURN_TYPE = YES_ERROR;
				GCC_WARN_UNDECLARED_SELECTOR = YES;
				GCC_WARN_UNINITIALIZED_AUTOS = YES_AGGRESSIVE;
				GCC_WARN_UNUSED_FUNCTION = YES;
				GCC_WARN_UNUSED_VARIABLE = YES;
				IPHONEOS_DEPLOYMENT_TARGET = 15.0;
				MTL_ENABLE_DEBUG_INFO = INCLUDE_SOURCE;
				MTL_FAST_MATH = YES;
				ONLY_ACTIVE_ARCH = YES;
				SDKROOT = iphoneos;
				SWIFT_ACTIVE_COMPILATION_CONDITIONS = DEBUG;
				SWIFT_OPTIMIZATION_LEVEL = "-Onone";
			};
			name = Debug;
		};
		CCF641762802B06F00E4373C /* Release */ = {
			isa = XCBuildConfiguration;
			buildSettings = {
				ALWAYS_SEARCH_USER_PATHS = NO;
				CLANG_ANALYZER_NONNULL = YES;
				CLANG_ANALYZER_NUMBER_OBJECT_CONVERSION = YES_AGGRESSIVE;
				CLANG_CXX_LANGUAGE_STANDARD = "gnu++17";
				CLANG_CXX_LIBRARY = "libc++";
				CLANG_ENABLE_MODULES = YES;
				CLANG_ENABLE_OBJC_ARC = YES;
				CLANG_ENABLE_OBJC_WEAK = YES;
				CLANG_WARN_BLOCK_CAPTURE_AUTORELEASING = YES;
				CLANG_WARN_BOOL_CONVERSION = YES;
				CLANG_WARN_COMMA = YES;
				CLANG_WARN_CONSTANT_CONVERSION = YES;
				CLANG_WARN_DEPRECATED_OBJC_IMPLEMENTATIONS = YES;
				CLANG_WARN_DIRECT_OBJC_ISA_USAGE = YES_ERROR;
				CLANG_WARN_DOCUMENTATION_COMMENTS = YES;
				CLANG_WARN_EMPTY_BODY = YES;
				CLANG_WARN_ENUM_CONVERSION = YES;
				CLANG_WARN_INFINITE_RECURSION = YES;
				CLANG_WARN_INT_CONVERSION = YES;
				CLANG_WARN_NON_LITERAL_NULL_CONVERSION = YES;
				CLANG_WARN_OBJC_IMPLICIT_RETAIN_SELF = YES;
				CLANG_WARN_OBJC_LITERAL_CONVERSION = YES;
				CLANG_WARN_OBJC_ROOT_CLASS = YES_ERROR;
				CLANG_WARN_QUOTED_INCLUDE_IN_FRAMEWORK_HEADER = YES;
				CLANG_WARN_RANGE_LOOP_ANALYSIS = YES;
				CLANG_WARN_STRICT_PROTOTYPES = YES;
				CLANG_WARN_SUSPICIOUS_MOVE = YES;
				CLANG_WARN_UNGUARDED_AVAILABILITY = YES_AGGRESSIVE;
				CLANG_WARN_UNREACHABLE_CODE = YES;
				CLANG_WARN__DUPLICATE_METHOD_MATCH = YES;
				COPY_PHASE_STRIP = NO;
				DEBUG_INFORMATION_FORMAT = "dwarf-with-dsym";
				ENABLE_NS_ASSERTIONS = NO;
				ENABLE_STRICT_OBJC_MSGSEND = YES;
				GCC_C_LANGUAGE_STANDARD = gnu11;
				GCC_NO_COMMON_BLOCKS = YES;
				GCC_WARN_64_TO_32_BIT_CONVERSION = YES;
				GCC_WARN_ABOUT_RETURN_TYPE = YES_ERROR;
				GCC_WARN_UNDECLARED_SELECTOR = YES;
				GCC_WARN_UNINITIALIZED_AUTOS = YES_AGGRESSIVE;
				GCC_WARN_UNUSED_FUNCTION = YES;
				GCC_WARN_UNUSED_VARIABLE = YES;
				IPHONEOS_DEPLOYMENT_TARGET = 15.0;
				MTL_ENABLE_DEBUG_INFO = NO;
				MTL_FAST_MATH = YES;
				SDKROOT = iphoneos;
				SWIFT_COMPILATION_MODE = wholemodule;
				SWIFT_OPTIMIZATION_LEVEL = "-O";
				VALIDATE_PRODUCT = YES;
			};
			name = Release;
		};
		CCF641782802B06F00E4373C /* Debug */ = {
			isa = XCBuildConfiguration;
			baseConfigurationReference = B25A868DBB5B84D23CDCC9A6 /* Pods-NASA APOD.debug.xcconfig */;
			buildSettings = {
				ASSETCATALOG_COMPILER_APPICON_NAME = AppIcon;
				ASSETCATALOG_COMPILER_GLOBAL_ACCENT_COLOR_NAME = AccentColor;
				CODE_SIGN_STYLE = Automatic;
				CURRENT_PROJECT_VERSION = 1;
				DEVELOPMENT_TEAM = 7NQ2QT4C3B;
				GENERATE_INFOPLIST_FILE = YES;
				INFOPLIST_FILE = "NASA APOD/Info.plist";
				INFOPLIST_KEY_UIApplicationSupportsIndirectInputEvents = YES;
				INFOPLIST_KEY_UILaunchStoryboardName = LaunchScreen;
				INFOPLIST_KEY_UIMainStoryboardFile = Main;
				INFOPLIST_KEY_UISupportedInterfaceOrientations_iPad = "UIInterfaceOrientationPortrait UIInterfaceOrientationPortraitUpsideDown UIInterfaceOrientationLandscapeLeft UIInterfaceOrientationLandscapeRight";
				INFOPLIST_KEY_UISupportedInterfaceOrientations_iPhone = "UIInterfaceOrientationPortrait UIInterfaceOrientationLandscapeLeft UIInterfaceOrientationLandscapeRight";
				LD_RUNPATH_SEARCH_PATHS = (
					"$(inherited)",
					"@executable_path/Frameworks",
				);
				MARKETING_VERSION = 1.0;
				PRODUCT_BUNDLE_IDENTIFIER = "com.pradeep.NASA-APOD.NASA-APOD";
				PRODUCT_NAME = "$(TARGET_NAME)";
				SWIFT_EMIT_LOC_STRINGS = YES;
				SWIFT_VERSION = 5.0;
				TARGETED_DEVICE_FAMILY = "1,2";
			};
			name = Debug;
		};
		CCF641792802B06F00E4373C /* Release */ = {
			isa = XCBuildConfiguration;
			baseConfigurationReference = 60A7272D605F91F0751B50EB /* Pods-NASA APOD.release.xcconfig */;
			buildSettings = {
				ASSETCATALOG_COMPILER_APPICON_NAME = AppIcon;
				ASSETCATALOG_COMPILER_GLOBAL_ACCENT_COLOR_NAME = AccentColor;
				CODE_SIGN_STYLE = Automatic;
				CURRENT_PROJECT_VERSION = 1;
				DEVELOPMENT_TEAM = 7NQ2QT4C3B;
				GENERATE_INFOPLIST_FILE = YES;
				INFOPLIST_FILE = "NASA APOD/Info.plist";
				INFOPLIST_KEY_UIApplicationSupportsIndirectInputEvents = YES;
				INFOPLIST_KEY_UILaunchStoryboardName = LaunchScreen;
				INFOPLIST_KEY_UIMainStoryboardFile = Main;
				INFOPLIST_KEY_UISupportedInterfaceOrientations_iPad = "UIInterfaceOrientationPortrait UIInterfaceOrientationPortraitUpsideDown UIInterfaceOrientationLandscapeLeft UIInterfaceOrientationLandscapeRight";
				INFOPLIST_KEY_UISupportedInterfaceOrientations_iPhone = "UIInterfaceOrientationPortrait UIInterfaceOrientationLandscapeLeft UIInterfaceOrientationLandscapeRight";
				LD_RUNPATH_SEARCH_PATHS = (
					"$(inherited)",
					"@executable_path/Frameworks",
				);
				MARKETING_VERSION = 1.0;
				PRODUCT_BUNDLE_IDENTIFIER = "com.pradeep.NASA-APOD.NASA-APOD";
				PRODUCT_NAME = "$(TARGET_NAME)";
				SWIFT_EMIT_LOC_STRINGS = YES;
				SWIFT_VERSION = 5.0;
				TARGETED_DEVICE_FAMILY = "1,2";
			};
			name = Release;
		};
/* End XCBuildConfiguration section */

/* Begin XCConfigurationList section */
		CCF6415B2802B06E00E4373C /* Build configuration list for PBXProject "NASA APOD" */ = {
			isa = XCConfigurationList;
			buildConfigurations = (
				CCF641752802B06F00E4373C /* Debug */,
				CCF641762802B06F00E4373C /* Release */,
			);
			defaultConfigurationIsVisible = 0;
			defaultConfigurationName = Release;
		};
		CCF641772802B06F00E4373C /* Build configuration list for PBXNativeTarget "NASA APOD" */ = {
			isa = XCConfigurationList;
			buildConfigurations = (
				CCF641782802B06F00E4373C /* Debug */,
				CCF641792802B06F00E4373C /* Release */,
			);
			defaultConfigurationIsVisible = 0;
			defaultConfigurationName = Release;
		};
/* End XCConfigurationList section */

/* Begin XCVersionGroup section */
		CCF6416C2802B06E00E4373C /* NASA_APOD.xcdatamodeld */ = {
			isa = XCVersionGroup;
			children = (
				CCF6416D2802B06E00E4373C /* NASA_APOD.xcdatamodel */,
			);
			currentVersion = CCF6416D2802B06E00E4373C /* NASA_APOD.xcdatamodel */;
			path = NASA_APOD.xcdatamodeld;
			sourceTree = "<group>";
			versionGroupType = wrapper.xcdatamodel;
		};
/* End XCVersionGroup section */
	};
	rootObject = CCF641582802B06E00E4373C /* Project object */;
}
